# generated by rye
# use `rye lock` or `rye sync` to update this lockfile
#
# last locked with the following flags:
#   pre: false
#   features: []
#   all-features: false
#   with-sources: false

-e file:.
aug-sdk @ git+https://github.com/AugmendTech/aug-sdk@45897db6dfa2671c9e022071f56d58895319b58a
    # via aug-sdk-demo
certifi==2024.7.4
    # via requests
charset-normalizer==3.3.2
    # via requests
idna==3.7
    # via requests
python-dotenv==1.0.1
    # via aug-sdk-demo
requests==2.32.3
    # via aug-sdk
    # via aug-sdk-demo
urllib3==2.2.2
    # via requests
